
Microsoft Visual Studio Solution File, Format Version 12.00
# Visual Studio Version 16
VisualStudioVersion = 16.0.30320.27
MinimumVisualStudioVersion = 10.0.40219.1
Project("{FAE04EC0-301F-11D3-BF4B-00C04F79EFBC}") = "Delivery_on_WPF", "Delivery_on_WPF.csproj", "{ADF38BFF-1220-4D42-A339-C854261443DD}"
EndProject
Global
	GlobalSection(SolutionConfigurationPlatforms) = preSolution
		Debug|Any CPU = Debug|Any CPU
		Release|Any CPU = Release|Any CPU
	EndGlobalSection
	GlobalSection(ProjectConfigurationPlatforms) = postSolution
		{ADF38BFF-1220-4D42-A339-C854261443DD}.Debug|Any CPU.ActiveCfg = Debug|Any CPU
		{ADF38BFF-1220-4D42-A339-C854261443DD}.Debug|Any CPU.Build.0 = Debug|Any CPU
		{ADF38BFF-1220-4D42-A339-C854261443DD}.Release|Any CPU.ActiveCfg = Release|Any CPU
		{ADF38BFF-1220-4D42-A339-C854261443DD}.Release|Any CPU.Build.0 = Release|Any CPU
	EndGlobalSection
	GlobalSection(SolutionProperties) = preSolution
		HideSolutionNode = FALSE
	EndGlobalSection
	GlobalSection(ExtensibilityGlobals) = postSolution
		SolutionGuid = {04132D66-584E-45E1-A3F2-15FE0E7A4935}
	EndGlobalSection
EndGlobal
